
Microsoft Visual Studio Solution File, Format Version 12.00
# Visual Studio Version 16
VisualStudioVersion = 16.0.31313.79
MinimumVisualStudioVersion = 10.0.40219.1
Project("{9A19103F-16F7-4668-BE54-9A1E7A4F7556}") = "DataAccess", "DataAccess\DataAccess.csproj", "{67795272-8668-4AC3-88E9-B023E395944B}"
EndProject
Project("{9A19103F-16F7-4668-BE54-9A1E7A4F7556}") = "Business", "Business\Business.csproj", "{B505B075-EB4C-4A37-9F5F-15F39B9CEACA}"
EndProject
Project("{9A19103F-16F7-4668-BE54-9A1E7A4F7556}") = "Entities", "Entities\Entities.csproj", "{2E631CB9-4083-4087-A7A5-DFCA3E3E20A1}"
EndProject
Project("{9A19103F-16F7-4668-BE54-9A1E7A4F7556}") = "ConsoleUI", "ConsoleUI\ConsoleUI.csproj", "{9C92FA37-1023-4474-A811-5A39E6D8750B}"
EndProject
Project("{9A19103F-16F7-4668-BE54-9A1E7A4F7556}") = "Core", "Core\Core.csproj", "{F9093AD8-C18F-4353-B67D-1AAAD370A5F0}"
EndProject
Project("{FAE04EC0-301F-11D3-BF4B-00C04F79EFBC}") = "WebAPI", "WebAPI\WebAPI.csproj", "{F2FFBD8C-F32D-48D8-B46C-7582ADAD6BC6}"
EndProject
Global
	GlobalSection(SolutionConfigurationPlatforms) = preSolution
		Debug|Any CPU = Debug|Any CPU
		Release|Any CPU = Release|Any CPU
	EndGlobalSection
	GlobalSection(ProjectConfigurationPlatforms) = postSolution
		{67795272-8668-4AC3-88E9-B023E395944B}.Debug|Any CPU.ActiveCfg = Debug|Any CPU
		{67795272-8668-4AC3-88E9-B023E395944B}.Debug|Any CPU.Build.0 = Debug|Any CPU
		{67795272-8668-4AC3-88E9-B023E395944B}.Release|Any CPU.ActiveCfg = Release|Any CPU
		{67795272-8668-4AC3-88E9-B023E395944B}.Release|Any CPU.Build.0 = Release|Any CPU
		{B505B075-EB4C-4A37-9F5F-15F39B9CEACA}.Debug|Any CPU.ActiveCfg = Debug|Any CPU
		{B505B075-EB4C-4A37-9F5F-15F39B9CEACA}.Debug|Any CPU.Build.0 = Debug|Any CPU
		{B505B075-EB4C-4A37-9F5F-15F39B9CEACA}.Release|Any CPU.ActiveCfg = Release|Any CPU
		{B505B075-EB4C-4A37-9F5F-15F39B9CEACA}.Release|Any CPU.Build.0 = Release|Any CPU
		{2E631CB9-4083-4087-A7A5-DFCA3E3E20A1}.Debug|Any CPU.ActiveCfg = Debug|Any CPU
		{2E631CB9-4083-4087-A7A5-DFCA3E3E20A1}.Debug|Any CPU.Build.0 = Debug|Any CPU
		{2E631CB9-4083-4087-A7A5-DFCA3E3E20A1}.Release|Any CPU.ActiveCfg = Release|Any CPU
		{2E631CB9-4083-4087-A7A5-DFCA3E3E20A1}.Release|Any CPU.Build.0 = Release|Any CPU
		{9C92FA37-1023-4474-A811-5A39E6D8750B}.Debug|Any CPU.ActiveCfg = Debug|Any CPU
		{9C92FA37-1023-4474-A811-5A39E6D8750B}.Debug|Any CPU.Build.0 = Debug|Any CPU
		{9C92FA37-1023-4474-A811-5A39E6D8750B}.Release|Any CPU.ActiveCfg = Release|Any CPU
		{9C92FA37-1023-4474-A811-5A39E6D8750B}.Release|Any CPU.Build.0 = Release|Any CPU
		{F9093AD8-C18F-4353-B67D-1AAAD370A5F0}.Debug|Any CPU.ActiveCfg = Debug|Any CPU
		{F9093AD8-C18F-4353-B67D-1AAAD370A5F0}.Debug|Any CPU.Build.0 = Debug|Any CPU
		{F9093AD8-C18F-4353-B67D-1AAAD370A5F0}.Release|Any CPU.ActiveCfg = Release|Any CPU
		{F9093AD8-C18F-4353-B67D-1AAAD370A5F0}.Release|Any CPU.Build.0 = Release|Any CPU
		{F2FFBD8C-F32D-48D8-B46C-7582ADAD6BC6}.Debug|Any CPU.ActiveCfg = Debug|Any CPU
		{F2FFBD8C-F32D-48D8-B46C-7582ADAD6BC6}.Debug|Any CPU.Build.0 = Debug|Any CPU
		{F2FFBD8C-F32D-48D8-B46C-7582ADAD6BC6}.Release|Any CPU.ActiveCfg = Release|Any CPU
		{F2FFBD8C-F32D-48D8-B46C-7582ADAD6BC6}.Release|Any CPU.Build.0 = Release|Any CPU
	EndGlobalSection
	GlobalSection(SolutionProperties) = preSolution
		HideSolutionNode = FALSE
	EndGlobalSection
	GlobalSection(ExtensibilityGlobals) = postSolution
		SolutionGuid = {B29DC23C-457F-4F1F-A5FC-AFCA14CFEFF8}
	EndGlobalSection
EndGlobal
